
Microsoft Visual Studio Solution File, Format Version 12.00
# Visual Studio Version 17
VisualStudioVersion = 17.0.32014.148
MinimumVisualStudioVersion = 10.0.40219.1
Project("{FAE04EC0-301F-11D3-BF4B-00C04F79EFBC}") = "Glasses", "Glasses\Glasses.csproj", "{F6827109-E506-44AD-BFB5-EACF53CCFE67}"
EndProject
Global
	GlobalSection(SolutionConfigurationPlatforms) = preSolution
		Debug|Any CPU = Debug|Any CPU
		Release|Any CPU = Release|Any CPU
	EndGlobalSection
	GlobalSection(ProjectConfigurationPlatforms) = postSolution
		{F6827109-E506-44AD-BFB5-EACF53CCFE67}.Debug|Any CPU.ActiveCfg = Debug|Any CPU
		{F6827109-E506-44AD-BFB5-EACF53CCFE67}.Debug|Any CPU.Build.0 = Debug|Any CPU
		{F6827109-E506-44AD-BFB5-EACF53CCFE67}.Release|Any CPU.ActiveCfg = Release|Any CPU
		{F6827109-E506-44AD-BFB5-EACF53CCFE67}.Release|Any CPU.Build.0 = Release|Any CPU
	EndGlobalSection
	GlobalSection(SolutionProperties) = preSolution
		HideSolutionNode = FALSE
	EndGlobalSection
	GlobalSection(ExtensibilityGlobals) = postSolution
		SolutionGuid = {64FDC28E-63B2-47F3-8BE2-29FABE42DD68}
	EndGlobalSection
EndGlobal
